
Microsoft Visual Studio Solution File, Format Version 12.00
# Visual Studio Version 17
VisualStudioVersion = 17.14.37314.3
MinimumVisualStudioVersion = 10.0.40219.1
Project("{FAE04EC0-301F-11D3-BF4B-00C04F79EFBC}") = "BirlesikERP", "BirlesikERP\BirlesikERP.csproj", "{B7A54AB4-B13B-4E9A-8523-8B628D28F8D3}"
EndProject
Project("{FAE04EC0-301F-11D3-BF4B-00C04F79EFBC}") = "BirlesikERP.Application", "BirlesikERP.Application\BirlesikERP.Application.csproj", "{F32966F7-2459-4292-BB7B-53DE0ED6E84E}"
EndProject
Project("{FAE04EC0-301F-11D3-BF4B-00C04F79EFBC}") = "BirlesikERP.Domain", "BirlesikERP.Domain\BirlesikERP.Domain.csproj", "{8F0DC70A-8E50-425E-AD56-6BC9E52433F8}"
EndProject
Project("{FAE04EC0-301F-11D3-BF4B-00C04F79EFBC}") = "BirlesikERP.Infrastructure", "BirlesikERP.Infrastructure\BirlesikERP.Infrastructure.csproj", "{5ED9C556-59AC-472F-8457-CC5E75E8641B}"
EndProject
Project("{FAE04EC0-301F-11D3-BF4B-00C04F79EFBC}") = "BirlesikERP.Persistence", "BirlesikERP.Persistence\BirlesikERP.Persistence.csproj", "{7994669D-5C0C-4DDA-8301-4E6B5505A7BE}"
EndProject
Global
	GlobalSection(SolutionConfigurationPlatforms) = preSolution
		Debug|Any CPU = Debug|Any CPU
		Release|Any CPU = Release|Any CPU
	EndGlobalSection
	GlobalSection(ProjectConfigurationPlatforms) = postSolution
		{B7A54AB4-B13B-4E9A-8523-8B628D28F8D3}.Debug|Any CPU.ActiveCfg = Debug|Any CPU
		{B7A54AB4-B13B-4E9A-8523-8B628D28F8D3}.Debug|Any CPU.Build.0 = Debug|Any CPU
		{B7A54AB4-B13B-4E9A-8523-8B628D28F8D3}.Release|Any CPU.ActiveCfg = Release|Any CPU
		{B7A54AB4-B13B-4E9A-8523-8B628D28F8D3}.Release|Any CPU.Build.0 = Release|Any CPU
		{F32966F7-2459-4292-BB7B-53DE0ED6E84E}.Debug|Any CPU.ActiveCfg = Debug|Any CPU
		{F32966F7-2459-4292-BB7B-53DE0ED6E84E}.Debug|Any CPU.Build.0 = Debug|Any CPU
		{F32966F7-2459-4292-BB7B-53DE0ED6E84E}.Release|Any CPU.ActiveCfg = Release|Any CPU
		{F32966F7-2459-4292-BB7B-53DE0ED6E84E}.Release|Any CPU.Build.0 = Release|Any CPU
		{8F0DC70A-8E50-425E-AD56-6BC9E52433F8}.Debug|Any CPU.ActiveCfg = Debug|Any CPU
		{8F0DC70A-8E50-425E-AD56-6BC9E52433F8}.Debug|Any CPU.Build.0 = Debug|Any CPU
		{8F0DC70A-8E50-425E-AD56-6BC9E52433F8}.Release|Any CPU.ActiveCfg = Release|Any CPU
		{8F0DC70A-8E50-425E-AD56-6BC9E52433F8}.Release|Any CPU.Build.0 = Release|Any CPU
		{5ED9C556-59AC-472F-8457-CC5E75E8641B}.Debug|Any CPU.ActiveCfg = Debug|Any CPU
		{5ED9C556-59AC-472F-8457-CC5E75E8641B}.Debug|Any CPU.Build.0 = Debug|Any CPU
		{5ED9C556-59AC-472F-8457-CC5E75E8641B}.Release|Any CPU.ActiveCfg = Release|Any CPU
		{5ED9C556-59AC-472F-8457-CC5E75E8641B}.Release|Any CPU.Build.0 = Release|Any CPU
		{7994669D-5C0C-4DDA-8301-4E6B5505A7BE}.Debug|Any CPU.ActiveCfg = Debug|Any CPU
		{7994669D-5C0C-4DDA-8301-4E6B5505A7BE}.Debug|Any CPU.Build.0 = Debug|Any CPU
		{7994669D-5C0C-4DDA-8301-4E6B5505A7BE}.Release|Any CPU.ActiveCfg = Release|Any CPU
		{7994669D-5C0C-4DDA-8301-4E6B5505A7BE}.Release|Any CPU.Build.0 = Release|Any CPU
	EndGlobalSection
	GlobalSection(SolutionProperties) = preSolution
		HideSolutionNode = FALSE
	EndGlobalSection
	GlobalSection(ExtensibilityGlobals) = postSolution
		SolutionGuid = {D5EE4BD2-BB9F-45CD-B194-472ACC311F5F}
	EndGlobalSection
EndGlobal
